
Microsoft Visual Studio Solution File, Format Version 12.00
# Visual Studio Version 16
VisualStudioVersion = 16.0.30413.136
MinimumVisualStudioVersion = 10.0.40219.1
Project("{9A19103F-16F7-4668-BE54-9A1E7A4F7556}") = "RepoDbSandbox.Server", "Server\RepoDbSandbox.Server.csproj", "{407BEC66-9D12-4372-A630-243E6D7AA16A}"
EndProject
Project("{9A19103F-16F7-4668-BE54-9A1E7A4F7556}") = "RepoDbSandbox.Client", "Client\RepoDbSandbox.Client.csproj", "{F1470711-8867-4863-8B3A-BFF5E455D9D2}"
EndProject
Project("{9A19103F-16F7-4668-BE54-9A1E7A4F7556}") = "RepoDbSandbox.Shared", "Shared\RepoDbSandbox.Shared.csproj", "{05C3B006-E16C-4703-B95A-F07FC4664865}"
EndProject
Global
	GlobalSection(SolutionConfigurationPlatforms) = preSolution
		Debug|Any CPU = Debug|Any CPU
		Release|Any CPU = Release|Any CPU
	EndGlobalSection
	GlobalSection(ProjectConfigurationPlatforms) = postSolution
		{407BEC66-9D12-4372-A630-243E6D7AA16A}.Debug|Any CPU.ActiveCfg = Debug|Any CPU
		{407BEC66-9D12-4372-A630-243E6D7AA16A}.Debug|Any CPU.Build.0 = Debug|Any CPU
		{407BEC66-9D12-4372-A630-243E6D7AA16A}.Release|Any CPU.ActiveCfg = Release|Any CPU
		{407BEC66-9D12-4372-A630-243E6D7AA16A}.Release|Any CPU.Build.0 = Release|Any CPU
		{F1470711-8867-4863-8B3A-BFF5E455D9D2}.Debug|Any CPU.ActiveCfg = Debug|Any CPU
		{F1470711-8867-4863-8B3A-BFF5E455D9D2}.Debug|Any CPU.Build.0 = Debug|Any CPU
		{F1470711-8867-4863-8B3A-BFF5E455D9D2}.Release|Any CPU.ActiveCfg = Release|Any CPU
		{F1470711-8867-4863-8B3A-BFF5E455D9D2}.Release|Any CPU.Build.0 = Release|Any CPU
		{05C3B006-E16C-4703-B95A-F07FC4664865}.Debug|Any CPU.ActiveCfg = Debug|Any CPU
		{05C3B006-E16C-4703-B95A-F07FC4664865}.Debug|Any CPU.Build.0 = Debug|Any CPU
		{05C3B006-E16C-4703-B95A-F07FC4664865}.Release|Any CPU.ActiveCfg = Release|Any CPU
		{05C3B006-E16C-4703-B95A-F07FC4664865}.Release|Any CPU.Build.0 = Release|Any CPU
	EndGlobalSection
	GlobalSection(SolutionProperties) = preSolution
		HideSolutionNode = FALSE
	EndGlobalSection
	GlobalSection(ExtensibilityGlobals) = postSolution
		SolutionGuid = {00A8C953-A694-4C71-A249-8C1E3CA4D531}
	EndGlobalSection
EndGlobal
